
Microsoft Visual Studio Solution File, Format Version 12.00
# Visual Studio Version 17
VisualStudioVersion = 17.8.34525.116
MinimumVisualStudioVersion = 10.0.40219.1
Project("{FAE04EC0-301F-11D3-BF4B-00C04F79EFBC}") = "마인크래프트도우미", "마인크래프트도우미.csproj", "{1575AC42-F3DC-488B-AB69-070B720B4F77}"
EndProject
Global
	GlobalSection(SolutionConfigurationPlatforms) = preSolution
		Debug|Any CPU = Debug|Any CPU
		Release|Any CPU = Release|Any CPU
	EndGlobalSection
	GlobalSection(ProjectConfigurationPlatforms) = postSolution
		{1575AC42-F3DC-488B-AB69-070B720B4F77}.Debug|Any CPU.ActiveCfg = Debug|Any CPU
		{1575AC42-F3DC-488B-AB69-070B720B4F77}.Debug|Any CPU.Build.0 = Debug|Any CPU
		{1575AC42-F3DC-488B-AB69-070B720B4F77}.Release|Any CPU.ActiveCfg = Release|Any CPU
		{1575AC42-F3DC-488B-AB69-070B720B4F77}.Release|Any CPU.Build.0 = Release|Any CPU
	EndGlobalSection
	GlobalSection(SolutionProperties) = preSolution
		HideSolutionNode = FALSE
	EndGlobalSection
	GlobalSection(ExtensibilityGlobals) = postSolution
		SolutionGuid = {3E2DC373-FD2B-4128-AAFC-4ACED1B2F57C}
	EndGlobalSection
EndGlobal
